# THIS IS AN AUTOGENERATED FILE. DO NOT EDIT THIS FILE DIRECTLY.
# yarn lockfile v1


"@figma/plugin-typings@*":
  version "1.51.0"
  resolved "https://registry.yarnpkg.com/@figma/plugin-typings/-/plugin-typings-1.51.0.tgz#1dcdbf5da6927ad73f6a22c0ac5c71af7e054a3c"
  integrity sha512-n4eSHjIseCqTIPp8iMeCbCN5vRYmdVmdlcxwrY83BjxzZLEWRXLw0yjXOnl/fYCoaD1YXE8ZCW/zUa2R8fcptQ==

typescript@*:
  version "4.8.3"
  resolved "https://registry.yarnpkg.com/typescript/-/typescript-4.8.3.tgz#d59344522c4bc464a65a730ac695007fdb66dd88"
  integrity sha512-goMHfm00nWPa8UvR/CPSvykqf6dVV8x/dp0c5mFTMTIu0u0FlGWRioyy7Nn0PGAdHxpJZnuO/ut+PpQ8UiHAig==
